
Microsoft Visual Studio Solution File, Format Version 12.00
# Visual Studio Version 17
VisualStudioVersion = 17.3.32804.467
MinimumVisualStudioVersion = 10.0.40219.1
Project("{FAE04EC0-301F-11D3-BF4B-00C04F79EFBC}") = "TeklaSubComponentAttributesList", "TeklaSubComponentAttributesList\TeklaSubComponentAttributesList.csproj", "{1147A272-2258-44C9-8A21-88798F989146}"
EndProject
Global
	GlobalSection(SolutionConfigurationPlatforms) = preSolution
		Debug|Any CPU = Debug|Any CPU
		Release|Any CPU = Release|Any CPU
	EndGlobalSection
	GlobalSection(ProjectConfigurationPlatforms) = postSolution
		{1147A272-2258-44C9-8A21-88798F989146}.Debug|Any CPU.ActiveCfg = Debug|Any CPU
		{1147A272-2258-44C9-8A21-88798F989146}.Debug|Any CPU.Build.0 = Debug|Any CPU
		{1147A272-2258-44C9-8A21-88798F989146}.Release|Any CPU.ActiveCfg = Release|Any CPU
		{1147A272-2258-44C9-8A21-88798F989146}.Release|Any CPU.Build.0 = Release|Any CPU
	EndGlobalSection
	GlobalSection(SolutionProperties) = preSolution
		HideSolutionNode = FALSE
	EndGlobalSection
	GlobalSection(ExtensibilityGlobals) = postSolution
		SolutionGuid = {E6C86061-3542-44CB-B755-CF6A58A23467}
	EndGlobalSection
EndGlobal
